
Microsoft Visual Studio Solution File, Format Version 12.00
# Visual Studio 15
VisualStudioVersion = 15.0.26430.12
MinimumVisualStudioVersion = 10.0.40219.1
Project("{FAE04EC0-301F-11D3-BF4B-00C04F79EFBC}") = "GameCore", "GameCore\GameCore.csproj", "{2AC01835-6BA1-44C5-A106-8BCAC3DE7BE0}"
EndProject
Project("{FAE04EC0-301F-11D3-BF4B-00C04F79EFBC}") = "UnitTestProject", "UnitTestProject\UnitTestProject.csproj", "{C06A70BF-1D26-4751-AF83-5101D707EC94}"
EndProject
Project("{FAE04EC0-301F-11D3-BF4B-00C04F79EFBC}") = "AndroidVersion", "AndroidVersion\AndroidVersion.csproj", "{C05C832D-C879-4B85-BC58-FEBC422657D3}"
EndProject
Project("{FAE04EC0-301F-11D3-BF4B-00C04F79EFBC}") = "DesktopVersion", "DesktopVersion\DesktopVersion.csproj", "{1A79AEAD-41DB-47AF-9D49-EFDAEBAD091D}"
EndProject
Project("{FAE04EC0-301F-11D3-BF4B-00C04F79EFBC}") = "ConvertJsonToCSharp", "ConvertJsonToCSharp\ConvertJsonToCSharp.csproj", "{C42E820B-2234-4969-AB19-2CD14F3B3DDF}"
EndProject
Project("{2150E333-8FDC-42A3-9474-1A3956D46DE8}") = "SharedContent", "SharedContent", "{AB3D5257-7A3E-4E91-A484-658E2A0985B7}"
EndProject
Global
	GlobalSection(SolutionConfigurationPlatforms) = preSolution
		Debug|Any CPU = Debug|Any CPU
		Debug|x86 = Debug|x86
		Release|Any CPU = Release|Any CPU
		Release|x86 = Release|x86
	EndGlobalSection
	GlobalSection(ProjectConfigurationPlatforms) = postSolution
		{2AC01835-6BA1-44C5-A106-8BCAC3DE7BE0}.Debug|Any CPU.ActiveCfg = Debug|Any CPU
		{2AC01835-6BA1-44C5-A106-8BCAC3DE7BE0}.Debug|Any CPU.Build.0 = Debug|Any CPU
		{2AC01835-6BA1-44C5-A106-8BCAC3DE7BE0}.Debug|x86.ActiveCfg = Debug|Any CPU
		{2AC01835-6BA1-44C5-A106-8BCAC3DE7BE0}.Debug|x86.Build.0 = Debug|Any CPU
		{2AC01835-6BA1-44C5-A106-8BCAC3DE7BE0}.Release|Any CPU.ActiveCfg = Release|Any CPU
		{2AC01835-6BA1-44C5-A106-8BCAC3DE7BE0}.Release|Any CPU.Build.0 = Release|Any CPU
		{2AC01835-6BA1-44C5-A106-8BCAC3DE7BE0}.Release|x86.ActiveCfg = Release|Any CPU
		{2AC01835-6BA1-44C5-A106-8BCAC3DE7BE0}.Release|x86.Build.0 = Release|Any CPU
		{C06A70BF-1D26-4751-AF83-5101D707EC94}.Debug|Any CPU.ActiveCfg = Debug|Any CPU
		{C06A70BF-1D26-4751-AF83-5101D707EC94}.Debug|Any CPU.Build.0 = Debug|Any CPU
		{C06A70BF-1D26-4751-AF83-5101D707EC94}.Debug|x86.ActiveCfg = Debug|Any CPU
		{C06A70BF-1D26-4751-AF83-5101D707EC94}.Debug|x86.Build.0 = Debug|Any CPU
		{C06A70BF-1D26-4751-AF83-5101D707EC94}.Release|Any CPU.ActiveCfg = Release|Any CPU
		{C06A70BF-1D26-4751-AF83-5101D707EC94}.Release|Any CPU.Build.0 = Release|Any CPU
		{C06A70BF-1D26-4751-AF83-5101D707EC94}.Release|x86.ActiveCfg = Release|Any CPU
		{C06A70BF-1D26-4751-AF83-5101D707EC94}.Release|x86.Build.0 = Release|Any CPU
		{C05C832D-C879-4B85-BC58-FEBC422657D3}.Debug|Any CPU.ActiveCfg = Debug|Any CPU
		{C05C832D-C879-4B85-BC58-FEBC422657D3}.Debug|Any CPU.Build.0 = Debug|Any CPU
		{C05C832D-C879-4B85-BC58-FEBC422657D3}.Debug|Any CPU.Deploy.0 = Debug|Any CPU
		{C05C832D-C879-4B85-BC58-FEBC422657D3}.Debug|x86.ActiveCfg = Debug|Any CPU
		{C05C832D-C879-4B85-BC58-FEBC422657D3}.Debug|x86.Build.0 = Debug|Any CPU
		{C05C832D-C879-4B85-BC58-FEBC422657D3}.Debug|x86.Deploy.0 = Debug|Any CPU
		{C05C832D-C879-4B85-BC58-FEBC422657D3}.Release|Any CPU.ActiveCfg = Release|Any CPU
		{C05C832D-C879-4B85-BC58-FEBC422657D3}.Release|Any CPU.Build.0 = Release|Any CPU
		{C05C832D-C879-4B85-BC58-FEBC422657D3}.Release|Any CPU.Deploy.0 = Release|Any CPU
		{C05C832D-C879-4B85-BC58-FEBC422657D3}.Release|x86.ActiveCfg = Release|Any CPU
		{C05C832D-C879-4B85-BC58-FEBC422657D3}.Release|x86.Build.0 = Release|Any CPU
		{C05C832D-C879-4B85-BC58-FEBC422657D3}.Release|x86.Deploy.0 = Release|Any CPU
		{1A79AEAD-41DB-47AF-9D49-EFDAEBAD091D}.Debug|Any CPU.ActiveCfg = Debug|Any CPU
		{1A79AEAD-41DB-47AF-9D49-EFDAEBAD091D}.Debug|Any CPU.Build.0 = Debug|Any CPU
		{1A79AEAD-41DB-47AF-9D49-EFDAEBAD091D}.Debug|x86.ActiveCfg = Debug|Any CPU
		{1A79AEAD-41DB-47AF-9D49-EFDAEBAD091D}.Debug|x86.Build.0 = Debug|Any CPU
		{1A79AEAD-41DB-47AF-9D49-EFDAEBAD091D}.Release|Any CPU.ActiveCfg = Release|Any CPU
		{1A79AEAD-41DB-47AF-9D49-EFDAEBAD091D}.Release|Any CPU.Build.0 = Release|Any CPU
		{1A79AEAD-41DB-47AF-9D49-EFDAEBAD091D}.Release|x86.ActiveCfg = Release|Any CPU
		{1A79AEAD-41DB-47AF-9D49-EFDAEBAD091D}.Release|x86.Build.0 = Release|Any CPU
		{C42E820B-2234-4969-AB19-2CD14F3B3DDF}.Debug|Any CPU.ActiveCfg = Debug|Any CPU
		{C42E820B-2234-4969-AB19-2CD14F3B3DDF}.Debug|Any CPU.Build.0 = Debug|Any CPU
		{C42E820B-2234-4969-AB19-2CD14F3B3DDF}.Debug|x86.ActiveCfg = Debug|Any CPU
		{C42E820B-2234-4969-AB19-2CD14F3B3DDF}.Debug|x86.Build.0 = Debug|Any CPU
		{C42E820B-2234-4969-AB19-2CD14F3B3DDF}.Release|Any CPU.ActiveCfg = Release|Any CPU
		{C42E820B-2234-4969-AB19-2CD14F3B3DDF}.Release|Any CPU.Build.0 = Release|Any CPU
		{C42E820B-2234-4969-AB19-2CD14F3B3DDF}.Release|x86.ActiveCfg = Release|Any CPU
		{C42E820B-2234-4969-AB19-2CD14F3B3DDF}.Release|x86.Build.0 = Release|Any CPU
	EndGlobalSection
	GlobalSection(SolutionProperties) = preSolution
		HideSolutionNode = FALSE
	EndGlobalSection
	GlobalSection(Performance) = preSolution
		HasPerformanceSessions = true
	EndGlobalSection
EndGlobal
